// !$*UTF8*$!
{
	archiveVersion = 1;
	classes = {
	};
	objectVersion = 77;
	objects = {

/* Begin PBXContainerItemProxy section */
		E78ED5F42D9D5D1400800AE9 /* PBXContainerItemProxy */ = {
			isa = PBXContainerItemProxy;
			containerPortal = E78ED5DE2D9D5D1300800AE9 /* Project object */;
			proxyType = 1;
			remoteGlobalIDString = E78ED5E52D9D5D1300800AE9;
			remoteInfo = Programs365;
		};
		E78ED5FE2D9D5D1400800AE9 /* PBXContainerItemProxy */ = {
			isa = PBXContainerItemProxy;
			containerPortal = E78ED5DE2D9D5D1300800AE9 /* Project object */;
			proxyType = 1;
			remoteGlobalIDString = E78ED5E52D9D5D1300800AE9;
			remoteInfo = Programs365;
		};
/* End PBXContainerItemProxy section */

/* Begin PBXFileReference section */
		E78ED5E62D9D5D1300800AE9 /* Programs365.app */ = {isa = PBXFileReference; explicitFileType = wrapper.application; includeInIndex = 0; path = Programs365.app; sourceTree = BUILT_PRODUCTS_DIR; };
		E78ED5F32D9D5D1400800AE9 /* Programs365Tests.xctest */ = {isa = PBXFileReference; explicitFileType = wrapper.cfbundle; includeInIndex = 0; path = Programs365Tests.xctest; sourceTree = BUILT_PRODUCTS_DIR; };
		E78ED5FD2D9D5D1400800AE9 /* Programs365UITests.xctest */ = {isa = PBXFileReference; explicitFileType = wrapper.cfbundle; includeInIndex = 0; path = Programs365UITests.xctest; sourceTree = BUILT_PRODUCTS_DIR; };
/* End PBXFileReference section */

/* Begin PBXFileSystemSynchronizedRootGroup section */
		E78ED5E82D9D5D1300800AE9 /* Programs365 */ = {
			isa = PBXFileSystemSynchronizedRootGroup;
			path = Programs365;
			sourceTree = "<group>";
		};
		E78ED5F62D9D5D1400800AE9 /* Programs365Tests */ = {
			isa = PBXFileSystemSynchronizedRootGroup;
			path = Programs365Tests;
			sourceTree = "<group>";
		};
		E78ED6002D9D5D1400800AE9 /* Programs365UITests */ = {
			isa = PBXFileSystemSynchronizedRootGroup;
			path = Programs365UITests;
			sourceTree = "<group>";
		};
/* End PBXFileSystemSynchronizedRootGroup section */

/* Begin PBXFrameworksBuildPhase section */
		E78ED5E32D9D5D1300800AE9 /* Frameworks */ = {
			isa = PBXFrameworksBuildPhase;
			buildActionMask = 2147483647;
			files = (
			);
			runOnlyForDeploymentPostprocessing = 0;
		};
		E78ED5F02D9D5D1400800AE9 /* Frameworks */ = {
			isa = PBXFrameworksBuildPhase;
			buildActionMask = 2147483647;
			files = (
			);
			runOnlyForDeploymentPostprocessing = 0;
		};
		E78ED5FA2D9D5D1400800AE9 /* Frameworks */ = {
			isa = PBXFrameworksBuildPhase;
			buildActionMask = 2147483647;
			files = (
			);
			runOnlyForDeploymentPostprocessing = 0;
		};
/* End PBXFrameworksBuildPhase section */

/* Begin PBXGroup section */
		E78ED5DD2D9D5D1300800AE9 = {
			isa = PBXGroup;
			children = (
				E78ED5E82D9D5D1300800AE9 /* Programs365 */,
				E78ED5F62D9D5D1400800AE9 /* Programs365Tests */,
				E78ED6002D9D5D1400800AE9 /* Programs365UITests */,
				E78ED5E72D9D5D1300800AE9 /* Products */,
			);
			sourceTree = "<group>";
		};
		E78ED5E72D9D5D1300800AE9 /* Products */ = {
			isa = PBXGroup;
			children = (
				E78ED5E62D9D5D1300800AE9 /* Programs365.app */,
				E78ED5F32D9D5D1400800AE9 /* Programs365Tests.xctest */,
				E78ED5FD2D9D5D1400800AE9 /* Programs365UITests.xctest */,
			);
			name = Products;
			sourceTree = "<group>";
		};
/* End PBXGroup section */

/* Begin PBXNativeTarget section */
		E78ED5E52D9D5D1300800AE9 /* Programs365 */ = {
			isa = PBXNativeTarget;
			buildConfigurationList = E78ED6072D9D5D1400800AE9 /* Build configuration list for PBXNativeTarget "Programs365" */;
			buildPhases = (
				E78ED5E22D9D5D1300800AE9 /* Sources */,
				E78ED5E32D9D5D1300800AE9 /* Frameworks */,
				E78ED5E42D9D5D1300800AE9 /* Resources */,
			);
			buildRules = (
			);
			dependencies = (
			);
			fileSystemSynchronizedGroups = (
				E78ED5E82D9D5D1300800AE9 /* Programs365 */,
			);
			name = Programs365;
			packageProductDependencies = (
			);
			productName = Programs365;
			productReference = E78ED5E62D9D5D1300800AE9 /* Programs365.app */;
			productType = "com.apple.product-type.application";
		};
		E78ED5F22D9D5D1400800AE9 /* Programs365Tests */ = {
			isa = PBXNativeTarget;
			buildConfigurationList = E78ED60A2D9D5D1400800AE9 /* Build configuration list for PBXNativeTarget "Programs365Tests" */;
			buildPhases = (
				E78ED5EF2D9D5D1400800AE9 /* Sources */,
				E78ED5F02D9D5D1400800AE9 /* Frameworks */,
				E78ED5F12D9D5D1400800AE9 /* Resources */,
			);
			buildRules = (
			);
			dependencies = (
				E78ED5F52D9D5D1400800AE9 /* PBXTargetDependency */,
			);
			fileSystemSynchronizedGroups = (
				E78ED5F62D9D5D1400800AE9 /* Programs365Tests */,
			);
			name = Programs365Tests;
			packageProductDependencies = (
			);
			productName = Programs365Tests;
			productReference = E78ED5F32D9D5D1400800AE9 /* Programs365Tests.xctest */;
			productType = "com.apple.product-type.bundle.unit-test";
		};
		E78ED5FC2D9D5D1400800AE9 /* Programs365UITests */ = {
			isa = PBXNativeTarget;
			buildConfigurationList = E78ED60D2D9D5D1400800AE9 /* Build configuration list for PBXNativeTarget "Programs365UITests" */;
			buildPhases = (
				E78ED5F92D9D5D1400800AE9 /* Sources */,
				E78ED5FA2D9D5D1400800AE9 /* Frameworks */,
				E78ED5FB2D9D5D1400800AE9 /* Resources */,
			);
			buildRules = (
			);
			dependencies = (
				E78ED5FF2D9D5D1400800AE9 /* PBXTargetDependency */,
			);
			fileSystemSynchronizedGroups = (
				E78ED6002D9D5D1400800AE9 /* Programs365UITests */,
			);
			name = Programs365UITests;
			packageProductDependencies = (
			);
			productName = Programs365UITests;
			productReference = E78ED5FD2D9D5D1400800AE9 /* Programs365UITests.xctest */;
			productType = "com.apple.product-type.bundle.ui-testing";
		};
/* End PBXNativeTarget section */

/* Begin PBXProject section */
		E78ED5DE2D9D5D1300800AE9 /* Project object */ = {
			isa = PBXProject;
			attributes = {
				BuildIndependentTargetsInParallel = 1;
				LastSwiftUpdateCheck = 1630;
				LastUpgradeCheck = 1630;
				TargetAttributes = {
					E78ED5E52D9D5D1300800AE9 = {
						CreatedOnToolsVersion = 16.3;
					};
					E78ED5F22D9D5D1400800AE9 = {
						CreatedOnToolsVersion = 16.3;
						TestTargetID = E78ED5E52D9D5D1300800AE9;
					};
					E78ED5FC2D9D5D1400800AE9 = {
						CreatedOnToolsVersion = 16.3;
						TestTargetID = E78ED5E52D9D5D1300800AE9;
					};
				};
			};
			buildConfigurationList = E78ED5E12D9D5D1300800AE9 /* Build configuration list for PBXProject "Programs365" */;
			developmentRegion = en;
			hasScannedForEncodings = 0;
			knownRegions = (
				en,
				Base,
				es,
				fr,
				de,
				zh,
			);
			mainGroup = E78ED5DD2D9D5D1300800AE9;
			minimizedProjectReferenceProxies = 1;
			preferredProjectObjectVersion = 77;
			productRefGroup = E78ED5E72D9D5D1300800AE9 /* Products */;
			projectDirPath = "";
			projectRoot = "";
			targets = (
				E78ED5E52D9D5D1300800AE9 /* Programs365 */,
				E78ED5F22D9D5D1400800AE9 /* Programs365Tests */,
				E78ED5FC2D9D5D1400800AE9 /* Programs365UITests */,
			);
		};
/* End PBXProject section */

/* Begin PBXResourcesBuildPhase section */
		E78ED5E42D9D5D1300800AE9 /* Resources */ = {
			isa = PBXResourcesBuildPhase;
			buildActionMask = 2147483647;
			files = (
			);
			runOnlyForDeploymentPostprocessing = 0;
		};
		E78ED5F12D9D5D1400800AE9 /* Resources */ = {
			isa = PBXResourcesBuildPhase;
			buildActionMask = 2147483647;
			files = (
			);
			runOnlyForDeploymentPostprocessing = 0;
		};
		E78ED5FB2D9D5D1400800AE9 /* Resources */ = {
			isa = PBXResourcesBuildPhase;
			buildActionMask = 2147483647;
			files = (
			);
			runOnlyForDeploymentPostprocessing = 0;
		};
/* End PBXResourcesBuildPhase section */

/* Begin PBXSourcesBuildPhase section */
		E78ED5E22D9D5D1300800AE9 /* Sources */ = {
			isa = PBXSourcesBuildPhase;
			buildActionMask = 2147483647;
			files = (
			);
			runOnlyForDeploymentPostprocessing = 0;
		};
		E78ED5EF2D9D5D1400800AE9 /* Sources */ = {
			isa = PBXSourcesBuildPhase;
			buildActionMask = 2147483647;
			files = (
			);
			runOnlyForDeploymentPostprocessing = 0;
		};
		E78ED5F92D9D5D1400800AE9 /* Sources */ = {
			isa = PBXSourcesBuildPhase;
			buildActionMask = 2147483647;
			files = (
			);
			runOnlyForDeploymentPostprocessing = 0;
		};
/* End PBXSourcesBuildPhase section */

/* Begin PBXTargetDependency section */
		E78ED5F52D9D5D1400800AE9 /* PBXTargetDependency */ = {
			isa = PBXTargetDependency;
			target = E78ED5E52D9D5D1300800AE9 /* Programs365 */;
			targetProxy = E78ED5F42D9D5D1400800AE9 /* PBXContainerItemProxy */;
		};
		E78ED5FF2D9D5D1400800AE9 /* PBXTargetDependency */ = {
			isa = PBXTargetDependency;
			target = E78ED5E52D9D5D1300800AE9 /* Programs365 */;
			targetProxy = E78ED5FE2D9D5D1400800AE9 /* PBXContainerItemProxy */;
		};
/* End PBXTargetDependency section */

/* Begin XCBuildConfiguration section */
		E78ED6052D9D5D1400800AE9 /* Debug */ = {
			isa = XCBuildConfiguration;
			buildSettings = {
				ALWAYS_SEARCH_USER_PATHS = NO;
				ASSETCATALOG_COMPILER_GENERATE_SWIFT_ASSET_SYMBOL_EXTENSIONS = YES;
				CLANG_ANALYZER_NONNULL = YES;
				CLANG_ANALYZER_NUMBER_OBJECT_CONVERSION = YES_AGGRESSIVE;
				CLANG_CXX_LANGUAGE_STANDARD = "gnu++20";
				CLANG_ENABLE_MODULES = YES;
				CLANG_ENABLE_OBJC_ARC = YES;
				CLANG_ENABLE_OBJC_WEAK = YES;
				CLANG_WARN_BLOCK_CAPTURE_AUTORELEASING = YES;
				CLANG_WARN_BOOL_CONVERSION = YES;
				CLANG_WARN_COMMA = YES;
				CLANG_WARN_CONSTANT_CONVERSION = YES;
				CLANG_WARN_DEPRECATED_OBJC_IMPLEMENTATIONS = YES;
				CLANG_WARN_DIRECT_OBJC_ISA_USAGE = YES_ERROR;
				CLANG_WARN_DOCUMENTATION_COMMENTS = YES;
				CLANG_WARN_EMPTY_BODY = YES;
				CLANG_WARN_ENUM_CONVERSION = YES;
				CLANG_WARN_INFINITE_RECURSION = YES;
				CLANG_WARN_INT_CONVERSION = YES;
				CLANG_WARN_NON_LITERAL_NULL_CONVERSION = YES;
				CLANG_WARN_OBJC_IMPLICIT_RETAIN_SELF = YES;
				CLANG_WARN_OBJC_LITERAL_CONVERSION = YES;
				CLANG_WARN_OBJC_ROOT_CLASS = YES_ERROR;
				CLANG_WARN_QUOTED_INCLUDE_IN_FRAMEWORK_HEADER = YES;
				CLANG_WARN_RANGE_LOOP_ANALYSIS = YES;
				CLANG_WARN_STRICT_PROTOTYPES = YES;
				CLANG_WARN_SUSPICIOUS_MOVE = YES;
				CLANG_WARN_UNGUARDED_AVAILABILITY = YES_AGGRESSIVE;
				CLANG_WARN_UNREACHABLE_CODE = YES;
				CLANG_WARN__DUPLICATE_METHOD_MATCH = YES;
				COPY_PHASE_STRIP = NO;
				DEBUG_INFORMATION_FORMAT = dwarf;
				DEVELOPMENT_TEAM = P4D46EQ9CN;
				ENABLE_STRICT_OBJC_MSGSEND = YES;
				ENABLE_TESTABILITY = YES;
				ENABLE_USER_SCRIPT_SANDBOXING = YES;
				GCC_C_LANGUAGE_STANDARD = gnu17;
				GCC_DYNAMIC_NO_PIC = NO;
				GCC_NO_COMMON_BLOCKS = YES;
				GCC_OPTIMIZATION_LEVEL = 0;
				GCC_PREPROCESSOR_DEFINITIONS = (
					"DEBUG=1",
					"$(inherited)",
				);
				GCC_WARN_64_TO_32_BIT_CONVERSION = YES;
				GCC_WARN_ABOUT_RETURN_TYPE = YES_ERROR;
				GCC_WARN_UNDECLARED_SELECTOR = YES;
				GCC_WARN_UNINITIALIZED_AUTOS = YES_AGGRESSIVE;
				GCC_WARN_UNUSED_FUNCTION = YES;
				GCC_WARN_UNUSED_VARIABLE = YES;
				IPHONEOS_DEPLOYMENT_TARGET = 18.4;
				LOCALIZATION_PREFERS_STRING_CATALOGS = YES;
				MTL_ENABLE_DEBUG_INFO = INCLUDE_SOURCE;
				MTL_FAST_MATH = YES;
				ONLY_ACTIVE_ARCH = YES;
				SDKROOT = iphoneos;
				SWIFT_ACTIVE_COMPILATION_CONDITIONS = "DEBUG $(inherited)";
				SWIFT_OPTIMIZATION_LEVEL = "-Onone";
			};
			name = Debug;
		};
		E78ED6062D9D5D1400800AE9 /* Release */ = {
			isa = XCBuildConfiguration;
			buildSettings = {
				ALWAYS_SEARCH_USER_PATHS = NO;
				ASSETCATALOG_COMPILER_GENERATE_SWIFT_ASSET_SYMBOL_EXTENSIONS = YES;
				CLANG_ANALYZER_NONNULL = YES;
				CLANG_ANALYZER_NUMBER_OBJECT_CONVERSION = YES_AGGRESSIVE;
				CLANG_CXX_LANGUAGE_STANDARD = "gnu++20";
				CLANG_ENABLE_MODULES = YES;
				CLANG_ENABLE_OBJC_ARC = YES;
				CLANG_ENABLE_OBJC_WEAK = YES;
				CLANG_WARN_BLOCK_CAPTURE_AUTORELEASING = YES;
				CLANG_WARN_BOOL_CONVERSION = YES;
				CLANG_WARN_COMMA = YES;
				CLANG_WARN_CONSTANT_CONVERSION = YES;
				CLANG_WARN_DEPRECATED_OBJC_IMPLEMENTATIONS = YES;
				CLANG_WARN_DIRECT_OBJC_ISA_USAGE = YES_ERROR;
				CLANG_WARN_DOCUMENTATION_COMMENTS = YES;
				CLANG_WARN_EMPTY_BODY = YES;
				CLANG_WARN_ENUM_CONVERSION = YES;
				CLANG_WARN_INFINITE_RECURSION = YES;
				CLANG_WARN_INT_CONVERSION = YES;
				CLANG_WARN_NON_LITERAL_NULL_CONVERSION = YES;
				CLANG_WARN_OBJC_IMPLICIT_RETAIN_SELF = YES;
				CLANG_WARN_OBJC_LITERAL_CONVERSION = YES;
				CLANG_WARN_OBJC_ROOT_CLASS = YES_ERROR;
				CLANG_WARN_QUOTED_INCLUDE_IN_FRAMEWORK_HEADER = YES;
				CLANG_WARN_RANGE_LOOP_ANALYSIS = YES;
				CLANG_WARN_STRICT_PROTOTYPES = YES;
				CLANG_WARN_SUSPICIOUS_MOVE = YES;
				CLANG_WARN_UNGUARDED_AVAILABILITY = YES_AGGRESSIVE;
				CLANG_WARN_UNREACHABLE_CODE = YES;
				CLANG_WARN__DUPLICATE_METHOD_MATCH = YES;
				COPY_PHASE_STRIP = NO;
				DEBUG_INFORMATION_FORMAT = "dwarf-with-dsym";
				DEVELOPMENT_TEAM = P4D46EQ9CN;
				ENABLE_NS_ASSERTIONS = NO;
				ENABLE_STRICT_OBJC_MSGSEND = YES;
				ENABLE_USER_SCRIPT_SANDBOXING = YES;
				GCC_C_LANGUAGE_STANDARD = gnu17;
				GCC_NO_COMMON_BLOCKS = YES;
				GCC_WARN_64_TO_32_BIT_CONVERSION = YES;
				GCC_WARN_ABOUT_RETURN_TYPE = YES_ERROR;
				GCC_WARN_UNDECLARED_SELECTOR = YES;
				GCC_WARN_UNINITIALIZED_AUTOS = YES_AGGRESSIVE;
				GCC_WARN_UNUSED_FUNCTION = YES;
				GCC_WARN_UNUSED_VARIABLE = YES;
				IPHONEOS_DEPLOYMENT_TARGET = 18.4;
				LOCALIZATION_PREFERS_STRING_CATALOGS = YES;
				MTL_ENABLE_DEBUG_INFO = NO;
				MTL_FAST_MATH = YES;
				SDKROOT = iphoneos;
				SWIFT_COMPILATION_MODE = wholemodule;
				VALIDATE_PRODUCT = YES;
			};
			name = Release;
		};
		E78ED6082D9D5D1400800AE9 /* Debug */ = {
			isa = XCBuildConfiguration;
			buildSettings = {
				ASSETCATALOG_COMPILER_APPICON_NAME = AppIcon;
				ASSETCATALOG_COMPILER_GLOBAL_ACCENT_COLOR_NAME = AccentColor;
				CODE_SIGN_STYLE = Automatic;
				CURRENT_PROJECT_VERSION = 1;
				DEVELOPMENT_TEAM = P4D46EQ9CN;
				ENABLE_PREVIEWS = YES;
				GENERATE_INFOPLIST_FILE = YES;
				INFOPLIST_KEY_UIApplicationSceneManifest_Generation = YES;
				INFOPLIST_KEY_UIApplicationSupportsIndirectInputEvents = YES;
				INFOPLIST_KEY_UILaunchScreen_Generation = YES;
				INFOPLIST_KEY_UISupportedInterfaceOrientations_iPad = "UIInterfaceOrientationPortrait UIInterfaceOrientationPortraitUpsideDown UIInterfaceOrientationLandscapeLeft UIInterfaceOrientationLandscapeRight";
				INFOPLIST_KEY_UISupportedInterfaceOrientations_iPhone = "UIInterfaceOrientationPortrait UIInterfaceOrientationLandscapeLeft UIInterfaceOrientationLandscapeRight";
				LD_RUNPATH_SEARCH_PATHS = (
					"$(inherited)",
					"@executable_path/Frameworks",
				);
				MARKETING_VERSION = 1.0;
				PRODUCT_BUNDLE_IDENTIFIER = "com.jump-SpeedFreaks.Programs365";
				PRODUCT_NAME = "$(TARGET_NAME)";
				SWIFT_EMIT_LOC_STRINGS = YES;
				SWIFT_VERSION = 5.0;
				TARGETED_DEVICE_FAMILY = "1,2";
			};
			name = Debug;
		};
		E78ED6092D9D5D1400800AE9 /* Release */ = {
			isa = XCBuildConfiguration;
			buildSettings = {
				ASSETCATALOG_COMPILER_APPICON_NAME = AppIcon;
				ASSETCATALOG_COMPILER_GLOBAL_ACCENT_COLOR_NAME = AccentColor;
				CODE_SIGN_STYLE = Automatic;
				CURRENT_PROJECT_VERSION = 1;
				DEVELOPMENT_TEAM = P4D46EQ9CN;
				ENABLE_PREVIEWS = YES;
				GENERATE_INFOPLIST_FILE = YES;
				INFOPLIST_KEY_UIApplicationSceneManifest_Generation = YES;
				INFOPLIST_KEY_UIApplicationSupportsIndirectInputEvents = YES;
				INFOPLIST_KEY_UILaunchScreen_Generation = YES;
				INFOPLIST_KEY_UISupportedInterfaceOrientations_iPad = "UIInterfaceOrientationPortrait UIInterfaceOrientationPortraitUpsideDown UIInterfaceOrientationLandscapeLeft UIInterfaceOrientationLandscapeRight";
				INFOPLIST_KEY_UISupportedInterfaceOrientations_iPhone = "UIInterfaceOrientationPortrait UIInterfaceOrientationLandscapeLeft UIInterfaceOrientationLandscapeRight";
				LD_RUNPATH_SEARCH_PATHS = (
					"$(inherited)",
					"@executable_path/Frameworks",
				);
				MARKETING_VERSION = 1.0;
				PRODUCT_BUNDLE_IDENTIFIER = "com.jump-SpeedFreaks.Programs365";
				PRODUCT_NAME = "$(TARGET_NAME)";
				SWIFT_EMIT_LOC_STRINGS = YES;
				SWIFT_VERSION = 5.0;
				TARGETED_DEVICE_FAMILY = "1,2";
			};
			name = Release;
		};
		E78ED60B2D9D5D1400800AE9 /* Debug */ = {
			isa = XCBuildConfiguration;
			buildSettings = {
				BUNDLE_LOADER = "$(TEST_HOST)";
				CODE_SIGN_STYLE = Automatic;
				CURRENT_PROJECT_VERSION = 1;
				DEVELOPMENT_TEAM = P4D46EQ9CN;
				GENERATE_INFOPLIST_FILE = YES;
				IPHONEOS_DEPLOYMENT_TARGET = 18.4;
				MARKETING_VERSION = 1.0;
				PRODUCT_BUNDLE_IDENTIFIER = "com.jump-SpeedFreaks.Programs365Tests";
				PRODUCT_NAME = "$(TARGET_NAME)";
				SWIFT_EMIT_LOC_STRINGS = NO;
				SWIFT_VERSION = 5.0;
				TARGETED_DEVICE_FAMILY = "1,2";
				TEST_HOST = "$(BUILT_PRODUCTS_DIR)/Programs365.app/$(BUNDLE_EXECUTABLE_FOLDER_PATH)/Programs365";
			};
			name = Debug;
		};
		E78ED60C2D9D5D1400800AE9 /* Release */ = {
			isa = XCBuildConfiguration;
			buildSettings = {
				BUNDLE_LOADER = "$(TEST_HOST)";
				CODE_SIGN_STYLE = Automatic;
				CURRENT_PROJECT_VERSION = 1;
				DEVELOPMENT_TEAM = P4D46EQ9CN;
				GENERATE_INFOPLIST_FILE = YES;
				IPHONEOS_DEPLOYMENT_TARGET = 18.4;
				MARKETING_VERSION = 1.0;
				PRODUCT_BUNDLE_IDENTIFIER = "com.jump-SpeedFreaks.Programs365Tests";
				PRODUCT_NAME = "$(TARGET_NAME)";
				SWIFT_EMIT_LOC_STRINGS = NO;
				SWIFT_VERSION = 5.0;
				TARGETED_DEVICE_FAMILY = "1,2";
				TEST_HOST = "$(BUILT_PRODUCTS_DIR)/Programs365.app/$(BUNDLE_EXECUTABLE_FOLDER_PATH)/Programs365";
			};
			name = Release;
		};
		E78ED60E2D9D5D1400800AE9 /* Debug */ = {
			isa = XCBuildConfiguration;
			buildSettings = {
				CODE_SIGN_STYLE = Automatic;
				CURRENT_PROJECT_VERSION = 1;
				DEVELOPMENT_TEAM = P4D46EQ9CN;
				GENERATE_INFOPLIST_FILE = YES;
				MARKETING_VERSION = 1.0;
				PRODUCT_BUNDLE_IDENTIFIER = "com.jump-SpeedFreaks.Programs365UITests";
				PRODUCT_NAME = "$(TARGET_NAME)";
				SWIFT_EMIT_LOC_STRINGS = NO;
				SWIFT_VERSION = 5.0;
				TARGETED_DEVICE_FAMILY = "1,2";
				TEST_TARGET_NAME = Programs365;
			};
			name = Debug;
		};
		E78ED60F2D9D5D1400800AE9 /* Release */ = {
			isa = XCBuildConfiguration;
			buildSettings = {
				CODE_SIGN_STYLE = Automatic;
				CURRENT_PROJECT_VERSION = 1;
				DEVELOPMENT_TEAM = P4D46EQ9CN;
				GENERATE_INFOPLIST_FILE = YES;
				MARKETING_VERSION = 1.0;
				PRODUCT_BUNDLE_IDENTIFIER = "com.jump-SpeedFreaks.Programs365UITests";
				PRODUCT_NAME = "$(TARGET_NAME)";
				SWIFT_EMIT_LOC_STRINGS = NO;
				SWIFT_VERSION = 5.0;
				TARGETED_DEVICE_FAMILY = "1,2";
				TEST_TARGET_NAME = Programs365;
			};
			name = Release;
		};
/* End XCBuildConfiguration section */

/* Begin XCConfigurationList section */
		E78ED5E12D9D5D1300800AE9 /* Build configuration list for PBXProject "Programs365" */ = {
			isa = XCConfigurationList;
			buildConfigurations = (
				E78ED6052D9D5D1400800AE9 /* Debug */,
				E78ED6062D9D5D1400800AE9 /* Release */,
			);
			defaultConfigurationIsVisible = 0;
			defaultConfigurationName = Release;
		};
		E78ED6072D9D5D1400800AE9 /* Build configuration list for PBXNativeTarget "Programs365" */ = {
			isa = XCConfigurationList;
			buildConfigurations = (
				E78ED6082D9D5D1400800AE9 /* Debug */,
				E78ED6092D9D5D1400800AE9 /* Release */,
			);
			defaultConfigurationIsVisible = 0;
			defaultConfigurationName = Release;
		};
		E78ED60A2D9D5D1400800AE9 /* Build configuration list for PBXNativeTarget "Programs365Tests" */ = {
			isa = XCConfigurationList;
			buildConfigurations = (
				E78ED60B2D9D5D1400800AE9 /* Debug */,
				E78ED60C2D9D5D1400800AE9 /* Release */,
			);
			defaultConfigurationIsVisible = 0;
			defaultConfigurationName = Release;
		};
		E78ED60D2D9D5D1400800AE9 /* Build configuration list for PBXNativeTarget "Programs365UITests" */ = {
			isa = XCConfigurationList;
			buildConfigurations = (
				E78ED60E2D9D5D1400800AE9 /* Debug */,
				E78ED60F2D9D5D1400800AE9 /* Release */,
			);
			defaultConfigurationIsVisible = 0;
			defaultConfigurationName = Release;
		};
/* End XCConfigurationList section */
	};
	rootObject = E78ED5DE2D9D5D1300800AE9 /* Project object */;
}
